
Microsoft Visual Studio Solution File, Format Version 12.00
# Visual Studio 14
VisualStudioVersion = 14.0.24720.0
MinimumVisualStudioVersion = 10.0.40219.1
Project("{FAE04EC0-301F-11D3-BF4B-00C04F79EFBC}") = "NineApp", "NineApp\NineApp.csproj", "{AC1613F2-5A64-4E03-AF3E-A154A87AA98F}"
	ProjectSection(ProjectDependencies) = postProject
		{04A6209F-3D80-4DE8-971B-ABCD40756F04} = {04A6209F-3D80-4DE8-971B-ABCD40756F04}
	EndProjectSection
EndProject
Project("{FAE04EC0-301F-11D3-BF4B-00C04F79EFBC}") = "NineAppUnitTest", "NineAppUnitTest\NineAppUnitTest.csproj", "{70517D3C-548E-4ED9-9DAA-8670B177AF3C}"
EndProject
Project("{FAE04EC0-301F-11D3-BF4B-00C04F79EFBC}") = "NineModels", "NineModels\NineModels.csproj", "{D9617781-768C-4367-A98A-A5E6E731A2E7}"
EndProject
Project("{FAE04EC0-301F-11D3-BF4B-00C04F79EFBC}") = "NineModelsUnitTest", "NineModelsUnitTest\NineModelsUnitTest.csproj", "{AA39DC10-6EC4-41E2-B7A6-73F33E3D2631}"
	ProjectSection(ProjectDependencies) = postProject
		{D9617781-768C-4367-A98A-A5E6E731A2E7} = {D9617781-768C-4367-A98A-A5E6E731A2E7}
	EndProjectSection
EndProject
Project("{F088123C-0E9E-452A-89E6-6BA2F21D5CAC}") = "NineModeling", "NineModeling\NineModeling.modelproj", "{B8B23BCC-510F-4CB1-AA99-66834C656393}"
EndProject
Project("{FAE04EC0-301F-11D3-BF4B-00C04F79EFBC}") = "MuPDF", "MuPDF\MuPDF.csproj", "{04A6209F-3D80-4DE8-971B-ABCD40756F04}"
EndProject
Project("{FAE04EC0-301F-11D3-BF4B-00C04F79EFBC}") = "LinkIO", "LinkIO\LinkIO.csproj", "{40421A33-B79F-40A2-BC54-4DC51EA346AD}"
EndProject
Project("{FAE04EC0-301F-11D3-BF4B-00C04F79EFBC}") = "HeatMap", "HeatMap\HeatMap.csproj", "{7398BC67-AC78-4D38-A932-B40258A67F48}"
EndProject
Project("{FAE04EC0-301F-11D3-BF4B-00C04F79EFBC}") = "Test", "Test\Test.csproj", "{06FF39AD-95D4-4A0E-9F6F-C969B2155022}"
EndProject
Global
	GlobalSection(SolutionConfigurationPlatforms) = preSolution
		Debug + MainPage|Any CPU = Debug + MainPage|Any CPU
		Debug + MainPage|ARM = Debug + MainPage|ARM
		Debug + MainPage|Mixed Platforms = Debug + MainPage|Mixed Platforms
		Debug + MainPage|Win32 = Debug + MainPage|Win32
		Debug + MainPage|x64 = Debug + MainPage|x64
		Debug + MainPage|x86 = Debug + MainPage|x86
		Debug + YSchool + MainPage|Any CPU = Debug + YSchool + MainPage|Any CPU
		Debug + YSchool + MainPage|ARM = Debug + YSchool + MainPage|ARM
		Debug + YSchool + MainPage|Mixed Platforms = Debug + YSchool + MainPage|Mixed Platforms
		Debug + YSchool + MainPage|Win32 = Debug + YSchool + MainPage|Win32
		Debug + YSchool + MainPage|x64 = Debug + YSchool + MainPage|x64
		Debug + YSchool + MainPage|x86 = Debug + YSchool + MainPage|x86
		Debug + YSchool|Any CPU = Debug + YSchool|Any CPU
		Debug + YSchool|ARM = Debug + YSchool|ARM
		Debug + YSchool|Mixed Platforms = Debug + YSchool|Mixed Platforms
		Debug + YSchool|Win32 = Debug + YSchool|Win32
		Debug + YSchool|x64 = Debug + YSchool|x64
		Debug + YSchool|x86 = Debug + YSchool|x86
		Debug|Any CPU = Debug|Any CPU
		Debug|ARM = Debug|ARM
		Debug|Mixed Platforms = Debug|Mixed Platforms
		Debug|Win32 = Debug|Win32
		Debug|x64 = Debug|x64
		Debug|x86 = Debug|x86
		Release + YSchool|Any CPU = Release + YSchool|Any CPU
		Release + YSchool|ARM = Release + YSchool|ARM
		Release + YSchool|Mixed Platforms = Release + YSchool|Mixed Platforms
		Release + YSchool|Win32 = Release + YSchool|Win32
		Release + YSchool|x64 = Release + YSchool|x64
		Release + YSchool|x86 = Release + YSchool|x86
		Release|Any CPU = Release|Any CPU
		Release|ARM = Release|ARM
		Release|Mixed Platforms = Release|Mixed Platforms
		Release|Win32 = Release|Win32
		Release|x64 = Release|x64
		Release|x86 = Release|x86
	EndGlobalSection
	GlobalSection(ProjectConfigurationPlatforms) = postSolution
		{AC1613F2-5A64-4E03-AF3E-A154A87AA98F}.Debug + MainPage|Any CPU.ActiveCfg = Debug + MainPage|Any CPU
		{AC1613F2-5A64-4E03-AF3E-A154A87AA98F}.Debug + MainPage|Any CPU.Build.0 = Debug + MainPage|Any CPU
		{AC1613F2-5A64-4E03-AF3E-A154A87AA98F}.Debug + MainPage|ARM.ActiveCfg = Debug + MainPage|Any CPU
		{AC1613F2-5A64-4E03-AF3E-A154A87AA98F}.Debug + MainPage|Mixed Platforms.ActiveCfg = Debug + MainPage|Any CPU
		{AC1613F2-5A64-4E03-AF3E-A154A87AA98F}.Debug + MainPage|Mixed Platforms.Build.0 = Debug + MainPage|Any CPU
		{AC1613F2-5A64-4E03-AF3E-A154A87AA98F}.Debug + MainPage|Win32.ActiveCfg = Debug + MainPage|Any CPU
		{AC1613F2-5A64-4E03-AF3E-A154A87AA98F}.Debug + MainPage|x64.ActiveCfg = Debug + MainPage|Any CPU
		{AC1613F2-5A64-4E03-AF3E-A154A87AA98F}.Debug + MainPage|x86.ActiveCfg = Debug + MainPage|Any CPU
		{AC1613F2-5A64-4E03-AF3E-A154A87AA98F}.Debug + YSchool + MainPage|Any CPU.ActiveCfg = Debug + YSchool + MainPage|Any CPU
		{AC1613F2-5A64-4E03-AF3E-A154A87AA98F}.Debug + YSchool + MainPage|Any CPU.Build.0 = Debug + YSchool + MainPage|Any CPU
		{AC1613F2-5A64-4E03-AF3E-A154A87AA98F}.Debug + YSchool + MainPage|ARM.ActiveCfg = Debug + YSchool + MainPage|Any CPU
		{AC1613F2-5A64-4E03-AF3E-A154A87AA98F}.Debug + YSchool + MainPage|Mixed Platforms.ActiveCfg = Debug + YSchool + MainPage|Any CPU
		{AC1613F2-5A64-4E03-AF3E-A154A87AA98F}.Debug + YSchool + MainPage|Mixed Platforms.Build.0 = Debug + YSchool + MainPage|Any CPU
		{AC1613F2-5A64-4E03-AF3E-A154A87AA98F}.Debug + YSchool + MainPage|Win32.ActiveCfg = Debug + YSchool + MainPage|Any CPU
		{AC1613F2-5A64-4E03-AF3E-A154A87AA98F}.Debug + YSchool + MainPage|x64.ActiveCfg = Debug + YSchool + MainPage|Any CPU
		{AC1613F2-5A64-4E03-AF3E-A154A87AA98F}.Debug + YSchool + MainPage|x86.ActiveCfg = Debug + YSchool + MainPage|Any CPU
		{AC1613F2-5A64-4E03-AF3E-A154A87AA98F}.Debug + YSchool|Any CPU.ActiveCfg = Debug + YSchool|Any CPU
		{AC1613F2-5A64-4E03-AF3E-A154A87AA98F}.Debug + YSchool|Any CPU.Build.0 = Debug + YSchool|Any CPU
		{AC1613F2-5A64-4E03-AF3E-A154A87AA98F}.Debug + YSchool|ARM.ActiveCfg = Debug + YSchool|Any CPU
		{AC1613F2-5A64-4E03-AF3E-A154A87AA98F}.Debug + YSchool|Mixed Platforms.ActiveCfg = Debug + YSchool|Any CPU
		{AC1613F2-5A64-4E03-AF3E-A154A87AA98F}.Debug + YSchool|Mixed Platforms.Build.0 = Debug + YSchool|Any CPU
		{AC1613F2-5A64-4E03-AF3E-A154A87AA98F}.Debug + YSchool|Win32.ActiveCfg = Debug + YSchool|Any CPU
		{AC1613F2-5A64-4E03-AF3E-A154A87AA98F}.Debug + YSchool|x64.ActiveCfg = Debug + YSchool|Any CPU
		{AC1613F2-5A64-4E03-AF3E-A154A87AA98F}.Debug + YSchool|x86.ActiveCfg = Debug + YSchool|Any CPU
		{AC1613F2-5A64-4E03-AF3E-A154A87AA98F}.Debug|Any CPU.ActiveCfg = Debug|Any CPU
		{AC1613F2-5A64-4E03-AF3E-A154A87AA98F}.Debug|Any CPU.Build.0 = Debug|Any CPU
		{AC1613F2-5A64-4E03-AF3E-A154A87AA98F}.Debug|ARM.ActiveCfg = Debug|Any CPU
		{AC1613F2-5A64-4E03-AF3E-A154A87AA98F}.Debug|Mixed Platforms.ActiveCfg = Debug|Any CPU
		{AC1613F2-5A64-4E03-AF3E-A154A87AA98F}.Debug|Mixed Platforms.Build.0 = Debug|Any CPU
		{AC1613F2-5A64-4E03-AF3E-A154A87AA98F}.Debug|Win32.ActiveCfg = Debug|Any CPU
		{AC1613F2-5A64-4E03-AF3E-A154A87AA98F}.Debug|x64.ActiveCfg = Debug|Any CPU
		{AC1613F2-5A64-4E03-AF3E-A154A87AA98F}.Debug|x86.ActiveCfg = Debug|Any CPU
		{AC1613F2-5A64-4E03-AF3E-A154A87AA98F}.Release + YSchool|Any CPU.ActiveCfg = Release + YSchool|Any CPU
		{AC1613F2-5A64-4E03-AF3E-A154A87AA98F}.Release + YSchool|Any CPU.Build.0 = Release + YSchool|Any CPU
		{AC1613F2-5A64-4E03-AF3E-A154A87AA98F}.Release + YSchool|ARM.ActiveCfg = Release + YSchool|Any CPU
		{AC1613F2-5A64-4E03-AF3E-A154A87AA98F}.Release + YSchool|Mixed Platforms.ActiveCfg = Release + YSchool|Any CPU
		{AC1613F2-5A64-4E03-AF3E-A154A87AA98F}.Release + YSchool|Mixed Platforms.Build.0 = Release + YSchool|Any CPU
		{AC1613F2-5A64-4E03-AF3E-A154A87AA98F}.Release + YSchool|Win32.ActiveCfg = Release + YSchool|Any CPU
		{AC1613F2-5A64-4E03-AF3E-A154A87AA98F}.Release + YSchool|x64.ActiveCfg = Release + YSchool|Any CPU
		{AC1613F2-5A64-4E03-AF3E-A154A87AA98F}.Release + YSchool|x86.ActiveCfg = Release + YSchool|Any CPU
		{AC1613F2-5A64-4E03-AF3E-A154A87AA98F}.Release|Any CPU.ActiveCfg = Release|Any CPU
		{AC1613F2-5A64-4E03-AF3E-A154A87AA98F}.Release|Any CPU.Build.0 = Release|Any CPU
		{AC1613F2-5A64-4E03-AF3E-A154A87AA98F}.Release|ARM.ActiveCfg = Release|Any CPU
		{AC1613F2-5A64-4E03-AF3E-A154A87AA98F}.Release|Mixed Platforms.ActiveCfg = Release|Any CPU
		{AC1613F2-5A64-4E03-AF3E-A154A87AA98F}.Release|Mixed Platforms.Build.0 = Release|Any CPU
		{AC1613F2-5A64-4E03-AF3E-A154A87AA98F}.Release|Win32.ActiveCfg = Release|Any CPU
		{AC1613F2-5A64-4E03-AF3E-A154A87AA98F}.Release|x64.ActiveCfg = Release|Any CPU
		{AC1613F2-5A64-4E03-AF3E-A154A87AA98F}.Release|x86.ActiveCfg = Release|Any CPU
		{70517D3C-548E-4ED9-9DAA-8670B177AF3C}.Debug + MainPage|Any CPU.ActiveCfg = Debug + MainPage|Any CPU
		{70517D3C-548E-4ED9-9DAA-8670B177AF3C}.Debug + MainPage|Any CPU.Build.0 = Debug + MainPage|Any CPU
		{70517D3C-548E-4ED9-9DAA-8670B177AF3C}.Debug + MainPage|ARM.ActiveCfg = Debug + MainPage|Any CPU
		{70517D3C-548E-4ED9-9DAA-8670B177AF3C}.Debug + MainPage|Mixed Platforms.ActiveCfg = Debug + MainPage|Any CPU
		{70517D3C-548E-4ED9-9DAA-8670B177AF3C}.Debug + MainPage|Mixed Platforms.Build.0 = Debug + MainPage|Any CPU
		{70517D3C-548E-4ED9-9DAA-8670B177AF3C}.Debug + MainPage|Win32.ActiveCfg = Debug + MainPage|Any CPU
		{70517D3C-548E-4ED9-9DAA-8670B177AF3C}.Debug + MainPage|x64.ActiveCfg = Debug + MainPage|Any CPU
		{70517D3C-548E-4ED9-9DAA-8670B177AF3C}.Debug + MainPage|x86.ActiveCfg = Debug + MainPage|Any CPU
		{70517D3C-548E-4ED9-9DAA-8670B177AF3C}.Debug + YSchool + MainPage|Any CPU.ActiveCfg = Debug + YSchool + MainPage|Any CPU
		{70517D3C-548E-4ED9-9DAA-8670B177AF3C}.Debug + YSchool + MainPage|Any CPU.Build.0 = Debug + YSchool + MainPage|Any CPU
		{70517D3C-548E-4ED9-9DAA-8670B177AF3C}.Debug + YSchool + MainPage|ARM.ActiveCfg = Debug + YSchool + MainPage|Any CPU
		{70517D3C-548E-4ED9-9DAA-8670B177AF3C}.Debug + YSchool + MainPage|Mixed Platforms.ActiveCfg = Debug + YSchool + MainPage|Any CPU
		{70517D3C-548E-4ED9-9DAA-8670B177AF3C}.Debug + YSchool + MainPage|Mixed Platforms.Build.0 = Debug + YSchool + MainPage|Any CPU
		{70517D3C-548E-4ED9-9DAA-8670B177AF3C}.Debug + YSchool + MainPage|Win32.ActiveCfg = Debug + YSchool + MainPage|Any CPU
		{70517D3C-548E-4ED9-9DAA-8670B177AF3C}.Debug + YSchool + MainPage|x64.ActiveCfg = Debug + YSchool + MainPage|Any CPU
		{70517D3C-548E-4ED9-9DAA-8670B177AF3C}.Debug + YSchool + MainPage|x86.ActiveCfg = Debug + YSchool + MainPage|Any CPU
		{70517D3C-548E-4ED9-9DAA-8670B177AF3C}.Debug + YSchool|Any CPU.ActiveCfg = Debug + YSchool|Any CPU
		{70517D3C-548E-4ED9-9DAA-8670B177AF3C}.Debug + YSchool|Any CPU.Build.0 = Debug + YSchool|Any CPU
		{70517D3C-548E-4ED9-9DAA-8670B177AF3C}.Debug + YSchool|ARM.ActiveCfg = Debug + YSchool|Any CPU
		{70517D3C-548E-4ED9-9DAA-8670B177AF3C}.Debug + YSchool|Mixed Platforms.ActiveCfg = Debug + YSchool|Any CPU
		{70517D3C-548E-4ED9-9DAA-8670B177AF3C}.Debug + YSchool|Mixed Platforms.Build.0 = Debug + YSchool|Any CPU
		{70517D3C-548E-4ED9-9DAA-8670B177AF3C}.Debug + YSchool|Win32.ActiveCfg = Debug + YSchool|Any CPU
		{70517D3C-548E-4ED9-9DAA-8670B177AF3C}.Debug + YSchool|x64.ActiveCfg = Debug + YSchool|Any CPU
		{70517D3C-548E-4ED9-9DAA-8670B177AF3C}.Debug + YSchool|x86.ActiveCfg = Debug + YSchool|Any CPU
		{70517D3C-548E-4ED9-9DAA-8670B177AF3C}.Debug|Any CPU.ActiveCfg = Debug|Any CPU
		{70517D3C-548E-4ED9-9DAA-8670B177AF3C}.Debug|Any CPU.Build.0 = Debug|Any CPU
		{70517D3C-548E-4ED9-9DAA-8670B177AF3C}.Debug|ARM.ActiveCfg = Debug|Any CPU
		{70517D3C-548E-4ED9-9DAA-8670B177AF3C}.Debug|Mixed Platforms.ActiveCfg = Debug|Any CPU
		{70517D3C-548E-4ED9-9DAA-8670B177AF3C}.Debug|Mixed Platforms.Build.0 = Debug|Any CPU
		{70517D3C-548E-4ED9-9DAA-8670B177AF3C}.Debug|Win32.ActiveCfg = Debug|Any CPU
		{70517D3C-548E-4ED9-9DAA-8670B177AF3C}.Debug|x64.ActiveCfg = Debug|Any CPU
		{70517D3C-548E-4ED9-9DAA-8670B177AF3C}.Debug|x86.ActiveCfg = Debug|Any CPU
		{70517D3C-548E-4ED9-9DAA-8670B177AF3C}.Release + YSchool|Any CPU.ActiveCfg = Release + YSchool|Any CPU
		{70517D3C-548E-4ED9-9DAA-8670B177AF3C}.Release + YSchool|Any CPU.Build.0 = Release + YSchool|Any CPU
		{70517D3C-548E-4ED9-9DAA-8670B177AF3C}.Release + YSchool|ARM.ActiveCfg = Release + YSchool|Any CPU
		{70517D3C-548E-4ED9-9DAA-8670B177AF3C}.Release + YSchool|Mixed Platforms.ActiveCfg = Release + YSchool|Any CPU
		{70517D3C-548E-4ED9-9DAA-8670B177AF3C}.Release + YSchool|Mixed Platforms.Build.0 = Release + YSchool|Any CPU
		{70517D3C-548E-4ED9-9DAA-8670B177AF3C}.Release + YSchool|Win32.ActiveCfg = Release + YSchool|Any CPU
		{70517D3C-548E-4ED9-9DAA-8670B177AF3C}.Release + YSchool|x64.ActiveCfg = Release + YSchool|Any CPU
		{70517D3C-548E-4ED9-9DAA-8670B177AF3C}.Release + YSchool|x86.ActiveCfg = Release + YSchool|Any CPU
		{70517D3C-548E-4ED9-9DAA-8670B177AF3C}.Release|Any CPU.ActiveCfg = Release|Any CPU
		{70517D3C-548E-4ED9-9DAA-8670B177AF3C}.Release|Any CPU.Build.0 = Release|Any CPU
		{70517D3C-548E-4ED9-9DAA-8670B177AF3C}.Release|ARM.ActiveCfg = Release|Any CPU
		{70517D3C-548E-4ED9-9DAA-8670B177AF3C}.Release|Mixed Platforms.ActiveCfg = Release|Any CPU
		{70517D3C-548E-4ED9-9DAA-8670B177AF3C}.Release|Mixed Platforms.Build.0 = Release|Any CPU
		{70517D3C-548E-4ED9-9DAA-8670B177AF3C}.Release|Win32.ActiveCfg = Release|Any CPU
		{70517D3C-548E-4ED9-9DAA-8670B177AF3C}.Release|x64.ActiveCfg = Release|Any CPU
		{70517D3C-548E-4ED9-9DAA-8670B177AF3C}.Release|x86.ActiveCfg = Release|Any CPU
		{D9617781-768C-4367-A98A-A5E6E731A2E7}.Debug + MainPage|Any CPU.ActiveCfg = Debug + MainPage|Any CPU
		{D9617781-768C-4367-A98A-A5E6E731A2E7}.Debug + MainPage|Any CPU.Build.0 = Debug + MainPage|Any CPU
		{D9617781-768C-4367-A98A-A5E6E731A2E7}.Debug + MainPage|ARM.ActiveCfg = Debug|Any CPU
		{D9617781-768C-4367-A98A-A5E6E731A2E7}.Debug + MainPage|Mixed Platforms.ActiveCfg = Debug|Any CPU
		{D9617781-768C-4367-A98A-A5E6E731A2E7}.Debug + MainPage|Mixed Platforms.Build.0 = Debug|Any CPU
		{D9617781-768C-4367-A98A-A5E6E731A2E7}.Debug + MainPage|Win32.ActiveCfg = Debug|Any CPU
		{D9617781-768C-4367-A98A-A5E6E731A2E7}.Debug + MainPage|x64.ActiveCfg = Debug|Any CPU
		{D9617781-768C-4367-A98A-A5E6E731A2E7}.Debug + MainPage|x86.ActiveCfg = Debug|Any CPU
		{D9617781-768C-4367-A98A-A5E6E731A2E7}.Debug + YSchool + MainPage|Any CPU.ActiveCfg = Debug|Any CPU
		{D9617781-768C-4367-A98A-A5E6E731A2E7}.Debug + YSchool + MainPage|Any CPU.Build.0 = Debug|Any CPU
		{D9617781-768C-4367-A98A-A5E6E731A2E7}.Debug + YSchool + MainPage|ARM.ActiveCfg = Debug|Any CPU
		{D9617781-768C-4367-A98A-A5E6E731A2E7}.Debug + YSchool + MainPage|Mixed Platforms.ActiveCfg = Debug|Any CPU
		{D9617781-768C-4367-A98A-A5E6E731A2E7}.Debug + YSchool + MainPage|Mixed Platforms.Build.0 = Debug|Any CPU
		{D9617781-768C-4367-A98A-A5E6E731A2E7}.Debug + YSchool + MainPage|Win32.ActiveCfg = Debug|Any CPU
		{D9617781-768C-4367-A98A-A5E6E731A2E7}.Debug + YSchool + MainPage|x64.ActiveCfg = Debug|Any CPU
		{D9617781-768C-4367-A98A-A5E6E731A2E7}.Debug + YSchool + MainPage|x86.ActiveCfg = Debug|Any CPU
		{D9617781-768C-4367-A98A-A5E6E731A2E7}.Debug + YSchool|Any CPU.ActiveCfg = Debug|Any CPU
		{D9617781-768C-4367-A98A-A5E6E731A2E7}.Debug + YSchool|Any CPU.Build.0 = Debug|Any CPU
		{D9617781-768C-4367-A98A-A5E6E731A2E7}.Debug + YSchool|ARM.ActiveCfg = Debug|Any CPU
		{D9617781-768C-4367-A98A-A5E6E731A2E7}.Debug + YSchool|Mixed Platforms.ActiveCfg = Debug|Any CPU
		{D9617781-768C-4367-A98A-A5E6E731A2E7}.Debug + YSchool|Mixed Platforms.Build.0 = Debug|Any CPU
		{D9617781-768C-4367-A98A-A5E6E731A2E7}.Debug + YSchool|Win32.ActiveCfg = Debug|Any CPU
		{D9617781-768C-4367-A98A-A5E6E731A2E7}.Debug + YSchool|x64.ActiveCfg = Debug|Any CPU
		{D9617781-768C-4367-A98A-A5E6E731A2E7}.Debug + YSchool|x86.ActiveCfg = Debug|Any CPU
		{D9617781-768C-4367-A98A-A5E6E731A2E7}.Debug|Any CPU.ActiveCfg = Debug|Any CPU
		{D9617781-768C-4367-A98A-A5E6E731A2E7}.Debug|Any CPU.Build.0 = Debug|Any CPU
		{D9617781-768C-4367-A98A-A5E6E731A2E7}.Debug|ARM.ActiveCfg = Debug|Any CPU
		{D9617781-768C-4367-A98A-A5E6E731A2E7}.Debug|Mixed Platforms.ActiveCfg = Debug|Any CPU
		{D9617781-768C-4367-A98A-A5E6E731A2E7}.Debug|Mixed Platforms.Build.0 = Debug|Any CPU
		{D9617781-768C-4367-A98A-A5E6E731A2E7}.Debug|Win32.ActiveCfg = Debug|Any CPU
		{D9617781-768C-4367-A98A-A5E6E731A2E7}.Debug|x64.ActiveCfg = Debug|Any CPU
		{D9617781-768C-4367-A98A-A5E6E731A2E7}.Debug|x86.ActiveCfg = Debug|Any CPU
		{D9617781-768C-4367-A98A-A5E6E731A2E7}.Release + YSchool|Any CPU.ActiveCfg = Release + YSchool|Any CPU
		{D9617781-768C-4367-A98A-A5E6E731A2E7}.Release + YSchool|Any CPU.Build.0 = Release + YSchool|Any CPU
		{D9617781-768C-4367-A98A-A5E6E731A2E7}.Release + YSchool|ARM.ActiveCfg = Release + YSchool|Any CPU
		{D9617781-768C-4367-A98A-A5E6E731A2E7}.Release + YSchool|Mixed Platforms.ActiveCfg = Release + YSchool|Any CPU
		{D9617781-768C-4367-A98A-A5E6E731A2E7}.Release + YSchool|Mixed Platforms.Build.0 = Release + YSchool|Any CPU
		{D9617781-768C-4367-A98A-A5E6E731A2E7}.Release + YSchool|Win32.ActiveCfg = Release + YSchool|Any CPU
		{D9617781-768C-4367-A98A-A5E6E731A2E7}.Release + YSchool|x64.ActiveCfg = Release + YSchool|Any CPU
		{D9617781-768C-4367-A98A-A5E6E731A2E7}.Release + YSchool|x86.ActiveCfg = Release + YSchool|Any CPU
		{D9617781-768C-4367-A98A-A5E6E731A2E7}.Release|Any CPU.ActiveCfg = Release|Any CPU
		{D9617781-768C-4367-A98A-A5E6E731A2E7}.Release|Any CPU.Build.0 = Release|Any CPU
		{D9617781-768C-4367-A98A-A5E6E731A2E7}.Release|ARM.ActiveCfg = Release|Any CPU
		{D9617781-768C-4367-A98A-A5E6E731A2E7}.Release|Mixed Platforms.ActiveCfg = Release|Any CPU
		{D9617781-768C-4367-A98A-A5E6E731A2E7}.Release|Mixed Platforms.Build.0 = Release|Any CPU
		{D9617781-768C-4367-A98A-A5E6E731A2E7}.Release|Win32.ActiveCfg = Release|Any CPU
		{D9617781-768C-4367-A98A-A5E6E731A2E7}.Release|x64.ActiveCfg = Release|Any CPU
		{D9617781-768C-4367-A98A-A5E6E731A2E7}.Release|x86.ActiveCfg = Release|Any CPU
		{AA39DC10-6EC4-41E2-B7A6-73F33E3D2631}.Debug + MainPage|Any CPU.ActiveCfg = Debug + MainPage|Any CPU
		{AA39DC10-6EC4-41E2-B7A6-73F33E3D2631}.Debug + MainPage|Any CPU.Build.0 = Debug + MainPage|Any CPU
		{AA39DC10-6EC4-41E2-B7A6-73F33E3D2631}.Debug + MainPage|ARM.ActiveCfg = Debug + MainPage|Any CPU
		{AA39DC10-6EC4-41E2-B7A6-73F33E3D2631}.Debug + MainPage|Mixed Platforms.ActiveCfg = Debug + MainPage|Any CPU
		{AA39DC10-6EC4-41E2-B7A6-73F33E3D2631}.Debug + MainPage|Mixed Platforms.Build.0 = Debug + MainPage|Any CPU
		{AA39DC10-6EC4-41E2-B7A6-73F33E3D2631}.Debug + MainPage|Win32.ActiveCfg = Debug + MainPage|Any CPU
		{AA39DC10-6EC4-41E2-B7A6-73F33E3D2631}.Debug + MainPage|x64.ActiveCfg = Debug + MainPage|Any CPU
		{AA39DC10-6EC4-41E2-B7A6-73F33E3D2631}.Debug + MainPage|x86.ActiveCfg = Debug + MainPage|Any CPU
		{AA39DC10-6EC4-41E2-B7A6-73F33E3D2631}.Debug + YSchool + MainPage|Any CPU.ActiveCfg = Debug + YSchool + MainPage|Any CPU
		{AA39DC10-6EC4-41E2-B7A6-73F33E3D2631}.Debug + YSchool + MainPage|Any CPU.Build.0 = Debug + YSchool + MainPage|Any CPU
		{AA39DC10-6EC4-41E2-B7A6-73F33E3D2631}.Debug + YSchool + MainPage|ARM.ActiveCfg = Debug + YSchool + MainPage|Any CPU
		{AA39DC10-6EC4-41E2-B7A6-73F33E3D2631}.Debug + YSchool + MainPage|Mixed Platforms.ActiveCfg = Debug + YSchool + MainPage|Any CPU
		{AA39DC10-6EC4-41E2-B7A6-73F33E3D2631}.Debug + YSchool + MainPage|Mixed Platforms.Build.0 = Debug + YSchool + MainPage|Any CPU
		{AA39DC10-6EC4-41E2-B7A6-73F33E3D2631}.Debug + YSchool + MainPage|Win32.ActiveCfg = Debug + YSchool + MainPage|Any CPU
		{AA39DC10-6EC4-41E2-B7A6-73F33E3D2631}.Debug + YSchool + MainPage|x64.ActiveCfg = Debug + YSchool + MainPage|Any CPU
		{AA39DC10-6EC4-41E2-B7A6-73F33E3D2631}.Debug + YSchool + MainPage|x86.ActiveCfg = Debug + YSchool + MainPage|Any CPU
		{AA39DC10-6EC4-41E2-B7A6-73F33E3D2631}.Debug + YSchool|Any CPU.ActiveCfg = Debug + YSchool|Any CPU
		{AA39DC10-6EC4-41E2-B7A6-73F33E3D2631}.Debug + YSchool|Any CPU.Build.0 = Debug + YSchool|Any CPU
		{AA39DC10-6EC4-41E2-B7A6-73F33E3D2631}.Debug + YSchool|ARM.ActiveCfg = Debug + YSchool|Any CPU
		{AA39DC10-6EC4-41E2-B7A6-73F33E3D2631}.Debug + YSchool|Mixed Platforms.ActiveCfg = Debug + YSchool|Any CPU
		{AA39DC10-6EC4-41E2-B7A6-73F33E3D2631}.Debug + YSchool|Mixed Platforms.Build.0 = Debug + YSchool|Any CPU
		{AA39DC10-6EC4-41E2-B7A6-73F33E3D2631}.Debug + YSchool|Win32.ActiveCfg = Debug + YSchool|Any CPU
		{AA39DC10-6EC4-41E2-B7A6-73F33E3D2631}.Debug + YSchool|x64.ActiveCfg = Debug + YSchool|Any CPU
		{AA39DC10-6EC4-41E2-B7A6-73F33E3D2631}.Debug + YSchool|x86.ActiveCfg = Debug + YSchool|Any CPU
		{AA39DC10-6EC4-41E2-B7A6-73F33E3D2631}.Debug|Any CPU.ActiveCfg = Debug|Any CPU
		{AA39DC10-6EC4-41E2-B7A6-73F33E3D2631}.Debug|Any CPU.Build.0 = Debug|Any CPU
		{AA39DC10-6EC4-41E2-B7A6-73F33E3D2631}.Debug|ARM.ActiveCfg = Debug|Any CPU
		{AA39DC10-6EC4-41E2-B7A6-73F33E3D2631}.Debug|Mixed Platforms.ActiveCfg = Debug|Any CPU
		{AA39DC10-6EC4-41E2-B7A6-73F33E3D2631}.Debug|Mixed Platforms.Build.0 = Debug|Any CPU
		{AA39DC10-6EC4-41E2-B7A6-73F33E3D2631}.Debug|Win32.ActiveCfg = Debug|Any CPU
		{AA39DC10-6EC4-41E2-B7A6-73F33E3D2631}.Debug|x64.ActiveCfg = Debug|Any CPU
		{AA39DC10-6EC4-41E2-B7A6-73F33E3D2631}.Debug|x86.ActiveCfg = Debug|Any CPU
		{AA39DC10-6EC4-41E2-B7A6-73F33E3D2631}.Release + YSchool|Any CPU.ActiveCfg = Release + YSchool|Any CPU
		{AA39DC10-6EC4-41E2-B7A6-73F33E3D2631}.Release + YSchool|Any CPU.Build.0 = Release + YSchool|Any CPU
		{AA39DC10-6EC4-41E2-B7A6-73F33E3D2631}.Release + YSchool|ARM.ActiveCfg = Release + YSchool|Any CPU
		{AA39DC10-6EC4-41E2-B7A6-73F33E3D2631}.Release + YSchool|Mixed Platforms.ActiveCfg = Release + YSchool|Any CPU
		{AA39DC10-6EC4-41E2-B7A6-73F33E3D2631}.Release + YSchool|Mixed Platforms.Build.0 = Release + YSchool|Any CPU
		{AA39DC10-6EC4-41E2-B7A6-73F33E3D2631}.Release + YSchool|Win32.ActiveCfg = Release + YSchool|Any CPU
		{AA39DC10-6EC4-41E2-B7A6-73F33E3D2631}.Release + YSchool|x64.ActiveCfg = Release + YSchool|Any CPU
		{AA39DC10-6EC4-41E2-B7A6-73F33E3D2631}.Release + YSchool|x86.ActiveCfg = Release + YSchool|Any CPU
		{AA39DC10-6EC4-41E2-B7A6-73F33E3D2631}.Release|Any CPU.ActiveCfg = Release|Any CPU
		{AA39DC10-6EC4-41E2-B7A6-73F33E3D2631}.Release|Any CPU.Build.0 = Release|Any CPU
		{AA39DC10-6EC4-41E2-B7A6-73F33E3D2631}.Release|ARM.ActiveCfg = Release|Any CPU
		{AA39DC10-6EC4-41E2-B7A6-73F33E3D2631}.Release|Mixed Platforms.ActiveCfg = Release|Any CPU
		{AA39DC10-6EC4-41E2-B7A6-73F33E3D2631}.Release|Mixed Platforms.Build.0 = Release|Any CPU
		{AA39DC10-6EC4-41E2-B7A6-73F33E3D2631}.Release|Win32.ActiveCfg = Release|Any CPU
		{AA39DC10-6EC4-41E2-B7A6-73F33E3D2631}.Release|x64.ActiveCfg = Release|Any CPU
		{AA39DC10-6EC4-41E2-B7A6-73F33E3D2631}.Release|x86.ActiveCfg = Release|Any CPU
		{B8B23BCC-510F-4CB1-AA99-66834C656393}.Debug + MainPage|Any CPU.ActiveCfg = Debug + MainPage|Any CPU
		{B8B23BCC-510F-4CB1-AA99-66834C656393}.Debug + MainPage|Any CPU.Build.0 = Debug + MainPage|Any CPU
		{B8B23BCC-510F-4CB1-AA99-66834C656393}.Debug + MainPage|ARM.ActiveCfg = Debug + MainPage|Any CPU
		{B8B23BCC-510F-4CB1-AA99-66834C656393}.Debug + MainPage|Mixed Platforms.ActiveCfg = Debug + MainPage|Any CPU
		{B8B23BCC-510F-4CB1-AA99-66834C656393}.Debug + MainPage|Mixed Platforms.Build.0 = Debug + MainPage|Any CPU
		{B8B23BCC-510F-4CB1-AA99-66834C656393}.Debug + MainPage|Win32.ActiveCfg = Debug + MainPage|Any CPU
		{B8B23BCC-510F-4CB1-AA99-66834C656393}.Debug + MainPage|x64.ActiveCfg = Debug + MainPage|Any CPU
		{B8B23BCC-510F-4CB1-AA99-66834C656393}.Debug + MainPage|x86.ActiveCfg = Debug + MainPage|Any CPU
		{B8B23BCC-510F-4CB1-AA99-66834C656393}.Debug + YSchool + MainPage|Any CPU.ActiveCfg = Debug + YSchool + MainPage|Any CPU
		{B8B23BCC-510F-4CB1-AA99-66834C656393}.Debug + YSchool + MainPage|Any CPU.Build.0 = Debug + YSchool + MainPage|Any CPU
		{B8B23BCC-510F-4CB1-AA99-66834C656393}.Debug + YSchool + MainPage|ARM.ActiveCfg = Debug + YSchool + MainPage|Any CPU
		{B8B23BCC-510F-4CB1-AA99-66834C656393}.Debug + YSchool + MainPage|Mixed Platforms.ActiveCfg = Debug + YSchool + MainPage|Any CPU
		{B8B23BCC-510F-4CB1-AA99-66834C656393}.Debug + YSchool + MainPage|Mixed Platforms.Build.0 = Debug + YSchool + MainPage|Any CPU
		{B8B23BCC-510F-4CB1-AA99-66834C656393}.Debug + YSchool + MainPage|Win32.ActiveCfg = Debug + YSchool + MainPage|Any CPU
		{B8B23BCC-510F-4CB1-AA99-66834C656393}.Debug + YSchool + MainPage|x64.ActiveCfg = Debug + YSchool + MainPage|Any CPU
		{B8B23BCC-510F-4CB1-AA99-66834C656393}.Debug + YSchool + MainPage|x86.ActiveCfg = Debug + YSchool + MainPage|Any CPU
		{B8B23BCC-510F-4CB1-AA99-66834C656393}.Debug + YSchool|Any CPU.ActiveCfg = Debug + YSchool|Any CPU
		{B8B23BCC-510F-4CB1-AA99-66834C656393}.Debug + YSchool|Any CPU.Build.0 = Debug + YSchool|Any CPU
		{B8B23BCC-510F-4CB1-AA99-66834C656393}.Debug + YSchool|ARM.ActiveCfg = Debug + YSchool|Any CPU
		{B8B23BCC-510F-4CB1-AA99-66834C656393}.Debug + YSchool|Mixed Platforms.ActiveCfg = Debug + YSchool|Any CPU
		{B8B23BCC-510F-4CB1-AA99-66834C656393}.Debug + YSchool|Mixed Platforms.Build.0 = Debug + YSchool|Any CPU
		{B8B23BCC-510F-4CB1-AA99-66834C656393}.Debug + YSchool|Win32.ActiveCfg = Debug + YSchool|Any CPU
		{B8B23BCC-510F-4CB1-AA99-66834C656393}.Debug + YSchool|x64.ActiveCfg = Debug + YSchool|Any CPU
		{B8B23BCC-510F-4CB1-AA99-66834C656393}.Debug + YSchool|x86.ActiveCfg = Debug + YSchool|Any CPU
		{B8B23BCC-510F-4CB1-AA99-66834C656393}.Debug|Any CPU.ActiveCfg = Debug|Any CPU
		{B8B23BCC-510F-4CB1-AA99-66834C656393}.Debug|Any CPU.Build.0 = Debug|Any CPU
		{B8B23BCC-510F-4CB1-AA99-66834C656393}.Debug|ARM.ActiveCfg = Debug|Any CPU
		{B8B23BCC-510F-4CB1-AA99-66834C656393}.Debug|Mixed Platforms.ActiveCfg = Debug|Any CPU
		{B8B23BCC-510F-4CB1-AA99-66834C656393}.Debug|Mixed Platforms.Build.0 = Debug|Any CPU
		{B8B23BCC-510F-4CB1-AA99-66834C656393}.Debug|Win32.ActiveCfg = Debug|Any CPU
		{B8B23BCC-510F-4CB1-AA99-66834C656393}.Debug|x64.ActiveCfg = Debug|Any CPU
		{B8B23BCC-510F-4CB1-AA99-66834C656393}.Debug|x86.ActiveCfg = Debug|Any CPU
		{B8B23BCC-510F-4CB1-AA99-66834C656393}.Release + YSchool|Any CPU.ActiveCfg = Release + YSchool|Any CPU
		{B8B23BCC-510F-4CB1-AA99-66834C656393}.Release + YSchool|Any CPU.Build.0 = Release + YSchool|Any CPU
		{B8B23BCC-510F-4CB1-AA99-66834C656393}.Release + YSchool|ARM.ActiveCfg = Release + YSchool|Any CPU
		{B8B23BCC-510F-4CB1-AA99-66834C656393}.Release + YSchool|Mixed Platforms.ActiveCfg = Release + YSchool|Any CPU
		{B8B23BCC-510F-4CB1-AA99-66834C656393}.Release + YSchool|Mixed Platforms.Build.0 = Release + YSchool|Any CPU
		{B8B23BCC-510F-4CB1-AA99-66834C656393}.Release + YSchool|Win32.ActiveCfg = Release + YSchool|Any CPU
		{B8B23BCC-510F-4CB1-AA99-66834C656393}.Release + YSchool|x64.ActiveCfg = Release + YSchool|Any CPU
		{B8B23BCC-510F-4CB1-AA99-66834C656393}.Release + YSchool|x86.ActiveCfg = Release + YSchool|Any CPU
		{B8B23BCC-510F-4CB1-AA99-66834C656393}.Release|Any CPU.ActiveCfg = Release|Any CPU
		{B8B23BCC-510F-4CB1-AA99-66834C656393}.Release|Any CPU.Build.0 = Release|Any CPU
		{B8B23BCC-510F-4CB1-AA99-66834C656393}.Release|ARM.ActiveCfg = Release|Any CPU
		{B8B23BCC-510F-4CB1-AA99-66834C656393}.Release|Mixed Platforms.ActiveCfg = Release|Any CPU
		{B8B23BCC-510F-4CB1-AA99-66834C656393}.Release|Mixed Platforms.Build.0 = Release|Any CPU
		{B8B23BCC-510F-4CB1-AA99-66834C656393}.Release|Win32.ActiveCfg = Release|Any CPU
		{B8B23BCC-510F-4CB1-AA99-66834C656393}.Release|x64.ActiveCfg = Release|Any CPU
		{B8B23BCC-510F-4CB1-AA99-66834C656393}.Release|x86.ActiveCfg = Release|Any CPU
		{04A6209F-3D80-4DE8-971B-ABCD40756F04}.Debug + MainPage|Any CPU.ActiveCfg = Debug + MainPage|Any CPU
		{04A6209F-3D80-4DE8-971B-ABCD40756F04}.Debug + MainPage|Any CPU.Build.0 = Debug + MainPage|Any CPU
		{04A6209F-3D80-4DE8-971B-ABCD40756F04}.Debug + MainPage|ARM.ActiveCfg = Debug + MainPage|Any CPU
		{04A6209F-3D80-4DE8-971B-ABCD40756F04}.Debug + MainPage|Mixed Platforms.ActiveCfg = Debug + MainPage|Any CPU
		{04A6209F-3D80-4DE8-971B-ABCD40756F04}.Debug + MainPage|Mixed Platforms.Build.0 = Debug + MainPage|Any CPU
		{04A6209F-3D80-4DE8-971B-ABCD40756F04}.Debug + MainPage|Win32.ActiveCfg = Debug + MainPage|Any CPU
		{04A6209F-3D80-4DE8-971B-ABCD40756F04}.Debug + MainPage|x64.ActiveCfg = Debug + MainPage|Any CPU
		{04A6209F-3D80-4DE8-971B-ABCD40756F04}.Debug + MainPage|x86.ActiveCfg = Debug + MainPage|Any CPU
		{04A6209F-3D80-4DE8-971B-ABCD40756F04}.Debug + YSchool + MainPage|Any CPU.ActiveCfg = Debug + YSchool + MainPage|Any CPU
		{04A6209F-3D80-4DE8-971B-ABCD40756F04}.Debug + YSchool + MainPage|Any CPU.Build.0 = Debug + YSchool + MainPage|Any CPU
		{04A6209F-3D80-4DE8-971B-ABCD40756F04}.Debug + YSchool + MainPage|ARM.ActiveCfg = Debug + YSchool + MainPage|Any CPU
		{04A6209F-3D80-4DE8-971B-ABCD40756F04}.Debug + YSchool + MainPage|Mixed Platforms.ActiveCfg = Debug + YSchool + MainPage|Any CPU
		{04A6209F-3D80-4DE8-971B-ABCD40756F04}.Debug + YSchool + MainPage|Mixed Platforms.Build.0 = Debug + YSchool + MainPage|Any CPU
		{04A6209F-3D80-4DE8-971B-ABCD40756F04}.Debug + YSchool + MainPage|Win32.ActiveCfg = Debug + YSchool + MainPage|Any CPU
		{04A6209F-3D80-4DE8-971B-ABCD40756F04}.Debug + YSchool + MainPage|x64.ActiveCfg = Debug + YSchool + MainPage|Any CPU
		{04A6209F-3D80-4DE8-971B-ABCD40756F04}.Debug + YSchool + MainPage|x86.ActiveCfg = Debug + YSchool + MainPage|Any CPU
		{04A6209F-3D80-4DE8-971B-ABCD40756F04}.Debug + YSchool|Any CPU.ActiveCfg = Debug + YSchool|Any CPU
		{04A6209F-3D80-4DE8-971B-ABCD40756F04}.Debug + YSchool|Any CPU.Build.0 = Debug + YSchool|Any CPU
		{04A6209F-3D80-4DE8-971B-ABCD40756F04}.Debug + YSchool|ARM.ActiveCfg = Debug + YSchool|Any CPU
		{04A6209F-3D80-4DE8-971B-ABCD40756F04}.Debug + YSchool|Mixed Platforms.ActiveCfg = Debug + YSchool|Any CPU
		{04A6209F-3D80-4DE8-971B-ABCD40756F04}.Debug + YSchool|Mixed Platforms.Build.0 = Debug + YSchool|Any CPU
		{04A6209F-3D80-4DE8-971B-ABCD40756F04}.Debug + YSchool|Win32.ActiveCfg = Debug + YSchool|Any CPU
		{04A6209F-3D80-4DE8-971B-ABCD40756F04}.Debug + YSchool|x64.ActiveCfg = Debug + YSchool|Any CPU
		{04A6209F-3D80-4DE8-971B-ABCD40756F04}.Debug + YSchool|x86.ActiveCfg = Debug + YSchool|Any CPU
		{04A6209F-3D80-4DE8-971B-ABCD40756F04}.Debug|Any CPU.ActiveCfg = Debug|Any CPU
		{04A6209F-3D80-4DE8-971B-ABCD40756F04}.Debug|Any CPU.Build.0 = Debug|Any CPU
		{04A6209F-3D80-4DE8-971B-ABCD40756F04}.Debug|ARM.ActiveCfg = Debug|Any CPU
		{04A6209F-3D80-4DE8-971B-ABCD40756F04}.Debug|Mixed Platforms.ActiveCfg = Debug|Any CPU
		{04A6209F-3D80-4DE8-971B-ABCD40756F04}.Debug|Mixed Platforms.Build.0 = Debug|Any CPU
		{04A6209F-3D80-4DE8-971B-ABCD40756F04}.Debug|Win32.ActiveCfg = Debug|Any CPU
		{04A6209F-3D80-4DE8-971B-ABCD40756F04}.Debug|x64.ActiveCfg = Debug|Any CPU
		{04A6209F-3D80-4DE8-971B-ABCD40756F04}.Debug|x86.ActiveCfg = Debug|Any CPU
		{04A6209F-3D80-4DE8-971B-ABCD40756F04}.Release + YSchool|Any CPU.ActiveCfg = Release + YSchool|Any CPU
		{04A6209F-3D80-4DE8-971B-ABCD40756F04}.Release + YSchool|Any CPU.Build.0 = Release + YSchool|Any CPU
		{04A6209F-3D80-4DE8-971B-ABCD40756F04}.Release + YSchool|ARM.ActiveCfg = Release + YSchool|Any CPU
		{04A6209F-3D80-4DE8-971B-ABCD40756F04}.Release + YSchool|Mixed Platforms.ActiveCfg = Release + YSchool|Any CPU
		{04A6209F-3D80-4DE8-971B-ABCD40756F04}.Release + YSchool|Mixed Platforms.Build.0 = Release + YSchool|Any CPU
		{04A6209F-3D80-4DE8-971B-ABCD40756F04}.Release + YSchool|Win32.ActiveCfg = Release + YSchool|Any CPU
		{04A6209F-3D80-4DE8-971B-ABCD40756F04}.Release + YSchool|x64.ActiveCfg = Release + YSchool|Any CPU
		{04A6209F-3D80-4DE8-971B-ABCD40756F04}.Release + YSchool|x86.ActiveCfg = Release + YSchool|Any CPU
		{04A6209F-3D80-4DE8-971B-ABCD40756F04}.Release|Any CPU.ActiveCfg = Release|Any CPU
		{04A6209F-3D80-4DE8-971B-ABCD40756F04}.Release|Any CPU.Build.0 = Release|Any CPU
		{04A6209F-3D80-4DE8-971B-ABCD40756F04}.Release|ARM.ActiveCfg = Release|Any CPU
		{04A6209F-3D80-4DE8-971B-ABCD40756F04}.Release|Mixed Platforms.ActiveCfg = Release|Any CPU
		{04A6209F-3D80-4DE8-971B-ABCD40756F04}.Release|Mixed Platforms.Build.0 = Release|Any CPU
		{04A6209F-3D80-4DE8-971B-ABCD40756F04}.Release|Win32.ActiveCfg = Release|Any CPU
		{04A6209F-3D80-4DE8-971B-ABCD40756F04}.Release|x64.ActiveCfg = Release|Any CPU
		{04A6209F-3D80-4DE8-971B-ABCD40756F04}.Release|x86.ActiveCfg = Release|Any CPU
		{40421A33-B79F-40A2-BC54-4DC51EA346AD}.Debug + MainPage|Any CPU.ActiveCfg = Debug|Any CPU
		{40421A33-B79F-40A2-BC54-4DC51EA346AD}.Debug + MainPage|Any CPU.Build.0 = Debug|Any CPU
		{40421A33-B79F-40A2-BC54-4DC51EA346AD}.Debug + MainPage|ARM.ActiveCfg = Debug|Any CPU
		{40421A33-B79F-40A2-BC54-4DC51EA346AD}.Debug + MainPage|ARM.Build.0 = Debug|Any CPU
		{40421A33-B79F-40A2-BC54-4DC51EA346AD}.Debug + MainPage|Mixed Platforms.ActiveCfg = Debug|Any CPU
		{40421A33-B79F-40A2-BC54-4DC51EA346AD}.Debug + MainPage|Mixed Platforms.Build.0 = Debug|Any CPU
		{40421A33-B79F-40A2-BC54-4DC51EA346AD}.Debug + MainPage|Win32.ActiveCfg = Debug|Any CPU
		{40421A33-B79F-40A2-BC54-4DC51EA346AD}.Debug + MainPage|Win32.Build.0 = Debug|Any CPU
		{40421A33-B79F-40A2-BC54-4DC51EA346AD}.Debug + MainPage|x64.ActiveCfg = Debug|Any CPU
		{40421A33-B79F-40A2-BC54-4DC51EA346AD}.Debug + MainPage|x64.Build.0 = Debug|Any CPU
		{40421A33-B79F-40A2-BC54-4DC51EA346AD}.Debug + MainPage|x86.ActiveCfg = Debug|Any CPU
		{40421A33-B79F-40A2-BC54-4DC51EA346AD}.Debug + MainPage|x86.Build.0 = Debug|Any CPU
		{40421A33-B79F-40A2-BC54-4DC51EA346AD}.Debug + YSchool + MainPage|Any CPU.ActiveCfg = Debug|Any CPU
		{40421A33-B79F-40A2-BC54-4DC51EA346AD}.Debug + YSchool + MainPage|Any CPU.Build.0 = Debug|Any CPU
		{40421A33-B79F-40A2-BC54-4DC51EA346AD}.Debug + YSchool + MainPage|ARM.ActiveCfg = Debug|Any CPU
		{40421A33-B79F-40A2-BC54-4DC51EA346AD}.Debug + YSchool + MainPage|ARM.Build.0 = Debug|Any CPU
		{40421A33-B79F-40A2-BC54-4DC51EA346AD}.Debug + YSchool + MainPage|Mixed Platforms.ActiveCfg = Debug|Any CPU
		{40421A33-B79F-40A2-BC54-4DC51EA346AD}.Debug + YSchool + MainPage|Mixed Platforms.Build.0 = Debug|Any CPU
		{40421A33-B79F-40A2-BC54-4DC51EA346AD}.Debug + YSchool + MainPage|Win32.ActiveCfg = Debug|Any CPU
		{40421A33-B79F-40A2-BC54-4DC51EA346AD}.Debug + YSchool + MainPage|Win32.Build.0 = Debug|Any CPU
		{40421A33-B79F-40A2-BC54-4DC51EA346AD}.Debug + YSchool + MainPage|x64.ActiveCfg = Debug|Any CPU
		{40421A33-B79F-40A2-BC54-4DC51EA346AD}.Debug + YSchool + MainPage|x64.Build.0 = Debug|Any CPU
		{40421A33-B79F-40A2-BC54-4DC51EA346AD}.Debug + YSchool + MainPage|x86.ActiveCfg = Debug|Any CPU
		{40421A33-B79F-40A2-BC54-4DC51EA346AD}.Debug + YSchool + MainPage|x86.Build.0 = Debug|Any CPU
		{40421A33-B79F-40A2-BC54-4DC51EA346AD}.Debug + YSchool|Any CPU.ActiveCfg = Debug|Any CPU
		{40421A33-B79F-40A2-BC54-4DC51EA346AD}.Debug + YSchool|Any CPU.Build.0 = Debug|Any CPU
		{40421A33-B79F-40A2-BC54-4DC51EA346AD}.Debug + YSchool|ARM.ActiveCfg = Debug|Any CPU
		{40421A33-B79F-40A2-BC54-4DC51EA346AD}.Debug + YSchool|ARM.Build.0 = Debug|Any CPU
		{40421A33-B79F-40A2-BC54-4DC51EA346AD}.Debug + YSchool|Mixed Platforms.ActiveCfg = Debug|Any CPU
		{40421A33-B79F-40A2-BC54-4DC51EA346AD}.Debug + YSchool|Mixed Platforms.Build.0 = Debug|Any CPU
		{40421A33-B79F-40A2-BC54-4DC51EA346AD}.Debug + YSchool|Win32.ActiveCfg = Debug|Any CPU
		{40421A33-B79F-40A2-BC54-4DC51EA346AD}.Debug + YSchool|Win32.Build.0 = Debug|Any CPU
		{40421A33-B79F-40A2-BC54-4DC51EA346AD}.Debug + YSchool|x64.ActiveCfg = Debug|Any CPU
		{40421A33-B79F-40A2-BC54-4DC51EA346AD}.Debug + YSchool|x64.Build.0 = Debug|Any CPU
		{40421A33-B79F-40A2-BC54-4DC51EA346AD}.Debug + YSchool|x86.ActiveCfg = Debug|Any CPU
		{40421A33-B79F-40A2-BC54-4DC51EA346AD}.Debug + YSchool|x86.Build.0 = Debug|Any CPU
		{40421A33-B79F-40A2-BC54-4DC51EA346AD}.Debug|Any CPU.ActiveCfg = Debug|Any CPU
		{40421A33-B79F-40A2-BC54-4DC51EA346AD}.Debug|Any CPU.Build.0 = Debug|Any CPU
		{40421A33-B79F-40A2-BC54-4DC51EA346AD}.Debug|ARM.ActiveCfg = Debug|Any CPU
		{40421A33-B79F-40A2-BC54-4DC51EA346AD}.Debug|ARM.Build.0 = Debug|Any CPU
		{40421A33-B79F-40A2-BC54-4DC51EA346AD}.Debug|Mixed Platforms.ActiveCfg = Debug|Any CPU
		{40421A33-B79F-40A2-BC54-4DC51EA346AD}.Debug|Mixed Platforms.Build.0 = Debug|Any CPU
		{40421A33-B79F-40A2-BC54-4DC51EA346AD}.Debug|Win32.ActiveCfg = Debug|Any CPU
		{40421A33-B79F-40A2-BC54-4DC51EA346AD}.Debug|Win32.Build.0 = Debug|Any CPU
		{40421A33-B79F-40A2-BC54-4DC51EA346AD}.Debug|x64.ActiveCfg = Debug|Any CPU
		{40421A33-B79F-40A2-BC54-4DC51EA346AD}.Debug|x64.Build.0 = Debug|Any CPU
		{40421A33-B79F-40A2-BC54-4DC51EA346AD}.Debug|x86.ActiveCfg = Debug|Any CPU
		{40421A33-B79F-40A2-BC54-4DC51EA346AD}.Debug|x86.Build.0 = Debug|Any CPU
		{40421A33-B79F-40A2-BC54-4DC51EA346AD}.Release + YSchool|Any CPU.ActiveCfg = Release|Any CPU
		{40421A33-B79F-40A2-BC54-4DC51EA346AD}.Release + YSchool|Any CPU.Build.0 = Release|Any CPU
		{40421A33-B79F-40A2-BC54-4DC51EA346AD}.Release + YSchool|ARM.ActiveCfg = Release|Any CPU
		{40421A33-B79F-40A2-BC54-4DC51EA346AD}.Release + YSchool|ARM.Build.0 = Release|Any CPU
		{40421A33-B79F-40A2-BC54-4DC51EA346AD}.Release + YSchool|Mixed Platforms.ActiveCfg = Release|Any CPU
		{40421A33-B79F-40A2-BC54-4DC51EA346AD}.Release + YSchool|Mixed Platforms.Build.0 = Release|Any CPU
		{40421A33-B79F-40A2-BC54-4DC51EA346AD}.Release + YSchool|Win32.ActiveCfg = Release|Any CPU
		{40421A33-B79F-40A2-BC54-4DC51EA346AD}.Release + YSchool|Win32.Build.0 = Release|Any CPU
		{40421A33-B79F-40A2-BC54-4DC51EA346AD}.Release + YSchool|x64.ActiveCfg = Release|Any CPU
		{40421A33-B79F-40A2-BC54-4DC51EA346AD}.Release + YSchool|x64.Build.0 = Release|Any CPU
		{40421A33-B79F-40A2-BC54-4DC51EA346AD}.Release + YSchool|x86.ActiveCfg = Release|Any CPU
		{40421A33-B79F-40A2-BC54-4DC51EA346AD}.Release + YSchool|x86.Build.0 = Release|Any CPU
		{40421A33-B79F-40A2-BC54-4DC51EA346AD}.Release|Any CPU.ActiveCfg = Release|Any CPU
		{40421A33-B79F-40A2-BC54-4DC51EA346AD}.Release|Any CPU.Build.0 = Release|Any CPU
		{40421A33-B79F-40A2-BC54-4DC51EA346AD}.Release|ARM.ActiveCfg = Release|Any CPU
		{40421A33-B79F-40A2-BC54-4DC51EA346AD}.Release|ARM.Build.0 = Release|Any CPU
		{40421A33-B79F-40A2-BC54-4DC51EA346AD}.Release|Mixed Platforms.ActiveCfg = Release|Any CPU
		{40421A33-B79F-40A2-BC54-4DC51EA346AD}.Release|Mixed Platforms.Build.0 = Release|Any CPU
		{40421A33-B79F-40A2-BC54-4DC51EA346AD}.Release|Win32.ActiveCfg = Release|Any CPU
		{40421A33-B79F-40A2-BC54-4DC51EA346AD}.Release|Win32.Build.0 = Release|Any CPU
		{40421A33-B79F-40A2-BC54-4DC51EA346AD}.Release|x64.ActiveCfg = Release|Any CPU
		{40421A33-B79F-40A2-BC54-4DC51EA346AD}.Release|x64.Build.0 = Release|Any CPU
		{40421A33-B79F-40A2-BC54-4DC51EA346AD}.Release|x86.ActiveCfg = Release|Any CPU
		{40421A33-B79F-40A2-BC54-4DC51EA346AD}.Release|x86.Build.0 = Release|Any CPU
		{7398BC67-AC78-4D38-A932-B40258A67F48}.Debug + MainPage|Any CPU.ActiveCfg = Debug|Any CPU
		{7398BC67-AC78-4D38-A932-B40258A67F48}.Debug + MainPage|Any CPU.Build.0 = Debug|Any CPU
		{7398BC67-AC78-4D38-A932-B40258A67F48}.Debug + MainPage|ARM.ActiveCfg = Debug|Any CPU
		{7398BC67-AC78-4D38-A932-B40258A67F48}.Debug + MainPage|ARM.Build.0 = Debug|Any CPU
		{7398BC67-AC78-4D38-A932-B40258A67F48}.Debug + MainPage|Mixed Platforms.ActiveCfg = Debug|Any CPU
		{7398BC67-AC78-4D38-A932-B40258A67F48}.Debug + MainPage|Mixed Platforms.Build.0 = Debug|Any CPU
		{7398BC67-AC78-4D38-A932-B40258A67F48}.Debug + MainPage|Win32.ActiveCfg = Debug|Any CPU
		{7398BC67-AC78-4D38-A932-B40258A67F48}.Debug + MainPage|Win32.Build.0 = Debug|Any CPU
		{7398BC67-AC78-4D38-A932-B40258A67F48}.Debug + MainPage|x64.ActiveCfg = Debug|Any CPU
		{7398BC67-AC78-4D38-A932-B40258A67F48}.Debug + MainPage|x64.Build.0 = Debug|Any CPU
		{7398BC67-AC78-4D38-A932-B40258A67F48}.Debug + MainPage|x86.ActiveCfg = Debug|Any CPU
		{7398BC67-AC78-4D38-A932-B40258A67F48}.Debug + MainPage|x86.Build.0 = Debug|Any CPU
		{7398BC67-AC78-4D38-A932-B40258A67F48}.Debug + YSchool + MainPage|Any CPU.ActiveCfg = Debug|Any CPU
		{7398BC67-AC78-4D38-A932-B40258A67F48}.Debug + YSchool + MainPage|Any CPU.Build.0 = Debug|Any CPU
		{7398BC67-AC78-4D38-A932-B40258A67F48}.Debug + YSchool + MainPage|ARM.ActiveCfg = Debug|Any CPU
		{7398BC67-AC78-4D38-A932-B40258A67F48}.Debug + YSchool + MainPage|ARM.Build.0 = Debug|Any CPU
		{7398BC67-AC78-4D38-A932-B40258A67F48}.Debug + YSchool + MainPage|Mixed Platforms.ActiveCfg = Debug|Any CPU
		{7398BC67-AC78-4D38-A932-B40258A67F48}.Debug + YSchool + MainPage|Mixed Platforms.Build.0 = Debug|Any CPU
		{7398BC67-AC78-4D38-A932-B40258A67F48}.Debug + YSchool + MainPage|Win32.ActiveCfg = Debug|Any CPU
		{7398BC67-AC78-4D38-A932-B40258A67F48}.Debug + YSchool + MainPage|Win32.Build.0 = Debug|Any CPU
		{7398BC67-AC78-4D38-A932-B40258A67F48}.Debug + YSchool + MainPage|x64.ActiveCfg = Debug|Any CPU
		{7398BC67-AC78-4D38-A932-B40258A67F48}.Debug + YSchool + MainPage|x64.Build.0 = Debug|Any CPU
		{7398BC67-AC78-4D38-A932-B40258A67F48}.Debug + YSchool + MainPage|x86.ActiveCfg = Debug|Any CPU
		{7398BC67-AC78-4D38-A932-B40258A67F48}.Debug + YSchool + MainPage|x86.Build.0 = Debug|Any CPU
		{7398BC67-AC78-4D38-A932-B40258A67F48}.Debug + YSchool|Any CPU.ActiveCfg = Debug|Any CPU
		{7398BC67-AC78-4D38-A932-B40258A67F48}.Debug + YSchool|Any CPU.Build.0 = Debug|Any CPU
		{7398BC67-AC78-4D38-A932-B40258A67F48}.Debug + YSchool|ARM.ActiveCfg = Debug|Any CPU
		{7398BC67-AC78-4D38-A932-B40258A67F48}.Debug + YSchool|ARM.Build.0 = Debug|Any CPU
		{7398BC67-AC78-4D38-A932-B40258A67F48}.Debug + YSchool|Mixed Platforms.ActiveCfg = Debug|Any CPU
		{7398BC67-AC78-4D38-A932-B40258A67F48}.Debug + YSchool|Mixed Platforms.Build.0 = Debug|Any CPU
		{7398BC67-AC78-4D38-A932-B40258A67F48}.Debug + YSchool|Win32.ActiveCfg = Debug|Any CPU
		{7398BC67-AC78-4D38-A932-B40258A67F48}.Debug + YSchool|Win32.Build.0 = Debug|Any CPU
		{7398BC67-AC78-4D38-A932-B40258A67F48}.Debug + YSchool|x64.ActiveCfg = Debug|Any CPU
		{7398BC67-AC78-4D38-A932-B40258A67F48}.Debug + YSchool|x64.Build.0 = Debug|Any CPU
		{7398BC67-AC78-4D38-A932-B40258A67F48}.Debug + YSchool|x86.ActiveCfg = Debug|Any CPU
		{7398BC67-AC78-4D38-A932-B40258A67F48}.Debug + YSchool|x86.Build.0 = Debug|Any CPU
		{7398BC67-AC78-4D38-A932-B40258A67F48}.Debug|Any CPU.ActiveCfg = Debug|Any CPU
		{7398BC67-AC78-4D38-A932-B40258A67F48}.Debug|Any CPU.Build.0 = Debug|Any CPU
		{7398BC67-AC78-4D38-A932-B40258A67F48}.Debug|ARM.ActiveCfg = Debug|Any CPU
		{7398BC67-AC78-4D38-A932-B40258A67F48}.Debug|ARM.Build.0 = Debug|Any CPU
		{7398BC67-AC78-4D38-A932-B40258A67F48}.Debug|Mixed Platforms.ActiveCfg = Debug|Any CPU
		{7398BC67-AC78-4D38-A932-B40258A67F48}.Debug|Mixed Platforms.Build.0 = Debug|Any CPU
		{7398BC67-AC78-4D38-A932-B40258A67F48}.Debug|Win32.ActiveCfg = Debug|Any CPU
		{7398BC67-AC78-4D38-A932-B40258A67F48}.Debug|Win32.Build.0 = Debug|Any CPU
		{7398BC67-AC78-4D38-A932-B40258A67F48}.Debug|x64.ActiveCfg = Debug|Any CPU
		{7398BC67-AC78-4D38-A932-B40258A67F48}.Debug|x64.Build.0 = Debug|Any CPU
		{7398BC67-AC78-4D38-A932-B40258A67F48}.Debug|x86.ActiveCfg = Debug|Any CPU
		{7398BC67-AC78-4D38-A932-B40258A67F48}.Debug|x86.Build.0 = Debug|Any CPU
		{7398BC67-AC78-4D38-A932-B40258A67F48}.Release + YSchool|Any CPU.ActiveCfg = Release|Any CPU
		{7398BC67-AC78-4D38-A932-B40258A67F48}.Release + YSchool|Any CPU.Build.0 = Release|Any CPU
		{7398BC67-AC78-4D38-A932-B40258A67F48}.Release + YSchool|ARM.ActiveCfg = Release|Any CPU
		{7398BC67-AC78-4D38-A932-B40258A67F48}.Release + YSchool|ARM.Build.0 = Release|Any CPU
		{7398BC67-AC78-4D38-A932-B40258A67F48}.Release + YSchool|Mixed Platforms.ActiveCfg = Release|Any CPU
		{7398BC67-AC78-4D38-A932-B40258A67F48}.Release + YSchool|Mixed Platforms.Build.0 = Release|Any CPU
		{7398BC67-AC78-4D38-A932-B40258A67F48}.Release + YSchool|Win32.ActiveCfg = Release|Any CPU
		{7398BC67-AC78-4D38-A932-B40258A67F48}.Release + YSchool|Win32.Build.0 = Release|Any CPU
		{7398BC67-AC78-4D38-A932-B40258A67F48}.Release + YSchool|x64.ActiveCfg = Release|Any CPU
		{7398BC67-AC78-4D38-A932-B40258A67F48}.Release + YSchool|x64.Build.0 = Release|Any CPU
		{7398BC67-AC78-4D38-A932-B40258A67F48}.Release + YSchool|x86.ActiveCfg = Release|Any CPU
		{7398BC67-AC78-4D38-A932-B40258A67F48}.Release + YSchool|x86.Build.0 = Release|Any CPU
		{7398BC67-AC78-4D38-A932-B40258A67F48}.Release|Any CPU.ActiveCfg = Release|Any CPU
		{7398BC67-AC78-4D38-A932-B40258A67F48}.Release|Any CPU.Build.0 = Release|Any CPU
		{7398BC67-AC78-4D38-A932-B40258A67F48}.Release|ARM.ActiveCfg = Release|Any CPU
		{7398BC67-AC78-4D38-A932-B40258A67F48}.Release|ARM.Build.0 = Release|Any CPU
		{7398BC67-AC78-4D38-A932-B40258A67F48}.Release|Mixed Platforms.ActiveCfg = Release|Any CPU
		{7398BC67-AC78-4D38-A932-B40258A67F48}.Release|Mixed Platforms.Build.0 = Release|Any CPU
		{7398BC67-AC78-4D38-A932-B40258A67F48}.Release|Win32.ActiveCfg = Release|Any CPU
		{7398BC67-AC78-4D38-A932-B40258A67F48}.Release|Win32.Build.0 = Release|Any CPU
		{7398BC67-AC78-4D38-A932-B40258A67F48}.Release|x64.ActiveCfg = Release|Any CPU
		{7398BC67-AC78-4D38-A932-B40258A67F48}.Release|x64.Build.0 = Release|Any CPU
		{7398BC67-AC78-4D38-A932-B40258A67F48}.Release|x86.ActiveCfg = Release|Any CPU
		{7398BC67-AC78-4D38-A932-B40258A67F48}.Release|x86.Build.0 = Release|Any CPU
		{06FF39AD-95D4-4A0E-9F6F-C969B2155022}.Debug + MainPage|Any CPU.ActiveCfg = Debug|Any CPU
		{06FF39AD-95D4-4A0E-9F6F-C969B2155022}.Debug + MainPage|Any CPU.Build.0 = Debug|Any CPU
		{06FF39AD-95D4-4A0E-9F6F-C969B2155022}.Debug + MainPage|ARM.ActiveCfg = Debug|Any CPU
		{06FF39AD-95D4-4A0E-9F6F-C969B2155022}.Debug + MainPage|ARM.Build.0 = Debug|Any CPU
		{06FF39AD-95D4-4A0E-9F6F-C969B2155022}.Debug + MainPage|Mixed Platforms.ActiveCfg = Debug|Any CPU
		{06FF39AD-95D4-4A0E-9F6F-C969B2155022}.Debug + MainPage|Mixed Platforms.Build.0 = Debug|Any CPU
		{06FF39AD-95D4-4A0E-9F6F-C969B2155022}.Debug + MainPage|Win32.ActiveCfg = Debug|Any CPU
		{06FF39AD-95D4-4A0E-9F6F-C969B2155022}.Debug + MainPage|Win32.Build.0 = Debug|Any CPU
		{06FF39AD-95D4-4A0E-9F6F-C969B2155022}.Debug + MainPage|x64.ActiveCfg = Debug|Any CPU
		{06FF39AD-95D4-4A0E-9F6F-C969B2155022}.Debug + MainPage|x64.Build.0 = Debug|Any CPU
		{06FF39AD-95D4-4A0E-9F6F-C969B2155022}.Debug + MainPage|x86.ActiveCfg = Debug|Any CPU
		{06FF39AD-95D4-4A0E-9F6F-C969B2155022}.Debug + MainPage|x86.Build.0 = Debug|Any CPU
		{06FF39AD-95D4-4A0E-9F6F-C969B2155022}.Debug + YSchool + MainPage|Any CPU.ActiveCfg = Debug|Any CPU
		{06FF39AD-95D4-4A0E-9F6F-C969B2155022}.Debug + YSchool + MainPage|Any CPU.Build.0 = Debug|Any CPU
		{06FF39AD-95D4-4A0E-9F6F-C969B2155022}.Debug + YSchool + MainPage|ARM.ActiveCfg = Debug|Any CPU
		{06FF39AD-95D4-4A0E-9F6F-C969B2155022}.Debug + YSchool + MainPage|ARM.Build.0 = Debug|Any CPU
		{06FF39AD-95D4-4A0E-9F6F-C969B2155022}.Debug + YSchool + MainPage|Mixed Platforms.ActiveCfg = Debug|Any CPU
		{06FF39AD-95D4-4A0E-9F6F-C969B2155022}.Debug + YSchool + MainPage|Mixed Platforms.Build.0 = Debug|Any CPU
		{06FF39AD-95D4-4A0E-9F6F-C969B2155022}.Debug + YSchool + MainPage|Win32.ActiveCfg = Debug|Any CPU
		{06FF39AD-95D4-4A0E-9F6F-C969B2155022}.Debug + YSchool + MainPage|Win32.Build.0 = Debug|Any CPU
		{06FF39AD-95D4-4A0E-9F6F-C969B2155022}.Debug + YSchool + MainPage|x64.ActiveCfg = Debug|Any CPU
		{06FF39AD-95D4-4A0E-9F6F-C969B2155022}.Debug + YSchool + MainPage|x64.Build.0 = Debug|Any CPU
		{06FF39AD-95D4-4A0E-9F6F-C969B2155022}.Debug + YSchool + MainPage|x86.ActiveCfg = Debug|Any CPU
		{06FF39AD-95D4-4A0E-9F6F-C969B2155022}.Debug + YSchool + MainPage|x86.Build.0 = Debug|Any CPU
		{06FF39AD-95D4-4A0E-9F6F-C969B2155022}.Debug + YSchool|Any CPU.ActiveCfg = Debug|Any CPU
		{06FF39AD-95D4-4A0E-9F6F-C969B2155022}.Debug + YSchool|Any CPU.Build.0 = Debug|Any CPU
		{06FF39AD-95D4-4A0E-9F6F-C969B2155022}.Debug + YSchool|ARM.ActiveCfg = Debug|Any CPU
		{06FF39AD-95D4-4A0E-9F6F-C969B2155022}.Debug + YSchool|ARM.Build.0 = Debug|Any CPU
		{06FF39AD-95D4-4A0E-9F6F-C969B2155022}.Debug + YSchool|Mixed Platforms.ActiveCfg = Debug|Any CPU
		{06FF39AD-95D4-4A0E-9F6F-C969B2155022}.Debug + YSchool|Mixed Platforms.Build.0 = Debug|Any CPU
		{06FF39AD-95D4-4A0E-9F6F-C969B2155022}.Debug + YSchool|Win32.ActiveCfg = Debug|Any CPU
		{06FF39AD-95D4-4A0E-9F6F-C969B2155022}.Debug + YSchool|Win32.Build.0 = Debug|Any CPU
		{06FF39AD-95D4-4A0E-9F6F-C969B2155022}.Debug + YSchool|x64.ActiveCfg = Debug|Any CPU
		{06FF39AD-95D4-4A0E-9F6F-C969B2155022}.Debug + YSchool|x64.Build.0 = Debug|Any CPU
		{06FF39AD-95D4-4A0E-9F6F-C969B2155022}.Debug + YSchool|x86.ActiveCfg = Debug|Any CPU
		{06FF39AD-95D4-4A0E-9F6F-C969B2155022}.Debug + YSchool|x86.Build.0 = Debug|Any CPU
		{06FF39AD-95D4-4A0E-9F6F-C969B2155022}.Debug|Any CPU.ActiveCfg = Debug|Any CPU
		{06FF39AD-95D4-4A0E-9F6F-C969B2155022}.Debug|Any CPU.Build.0 = Debug|Any CPU
		{06FF39AD-95D4-4A0E-9F6F-C969B2155022}.Debug|ARM.ActiveCfg = Debug|Any CPU
		{06FF39AD-95D4-4A0E-9F6F-C969B2155022}.Debug|ARM.Build.0 = Debug|Any CPU
		{06FF39AD-95D4-4A0E-9F6F-C969B2155022}.Debug|Mixed Platforms.ActiveCfg = Debug|Any CPU
		{06FF39AD-95D4-4A0E-9F6F-C969B2155022}.Debug|Mixed Platforms.Build.0 = Debug|Any CPU
		{06FF39AD-95D4-4A0E-9F6F-C969B2155022}.Debug|Win32.ActiveCfg = Debug|Any CPU
		{06FF39AD-95D4-4A0E-9F6F-C969B2155022}.Debug|Win32.Build.0 = Debug|Any CPU
		{06FF39AD-95D4-4A0E-9F6F-C969B2155022}.Debug|x64.ActiveCfg = Debug|Any CPU
		{06FF39AD-95D4-4A0E-9F6F-C969B2155022}.Debug|x64.Build.0 = Debug|Any CPU
		{06FF39AD-95D4-4A0E-9F6F-C969B2155022}.Debug|x86.ActiveCfg = Debug|Any CPU
		{06FF39AD-95D4-4A0E-9F6F-C969B2155022}.Debug|x86.Build.0 = Debug|Any CPU
		{06FF39AD-95D4-4A0E-9F6F-C969B2155022}.Release + YSchool|Any CPU.ActiveCfg = Release|Any CPU
		{06FF39AD-95D4-4A0E-9F6F-C969B2155022}.Release + YSchool|Any CPU.Build.0 = Release|Any CPU
		{06FF39AD-95D4-4A0E-9F6F-C969B2155022}.Release + YSchool|ARM.ActiveCfg = Release|Any CPU
		{06FF39AD-95D4-4A0E-9F6F-C969B2155022}.Release + YSchool|ARM.Build.0 = Release|Any CPU
		{06FF39AD-95D4-4A0E-9F6F-C969B2155022}.Release + YSchool|Mixed Platforms.ActiveCfg = Release|Any CPU
		{06FF39AD-95D4-4A0E-9F6F-C969B2155022}.Release + YSchool|Mixed Platforms.Build.0 = Release|Any CPU
		{06FF39AD-95D4-4A0E-9F6F-C969B2155022}.Release + YSchool|Win32.ActiveCfg = Release|Any CPU
		{06FF39AD-95D4-4A0E-9F6F-C969B2155022}.Release + YSchool|Win32.Build.0 = Release|Any CPU
		{06FF39AD-95D4-4A0E-9F6F-C969B2155022}.Release + YSchool|x64.ActiveCfg = Release|Any CPU
		{06FF39AD-95D4-4A0E-9F6F-C969B2155022}.Release + YSchool|x64.Build.0 = Release|Any CPU
		{06FF39AD-95D4-4A0E-9F6F-C969B2155022}.Release + YSchool|x86.ActiveCfg = Release|Any CPU
		{06FF39AD-95D4-4A0E-9F6F-C969B2155022}.Release + YSchool|x86.Build.0 = Release|Any CPU
		{06FF39AD-95D4-4A0E-9F6F-C969B2155022}.Release|Any CPU.ActiveCfg = Release|Any CPU
		{06FF39AD-95D4-4A0E-9F6F-C969B2155022}.Release|Any CPU.Build.0 = Release|Any CPU
		{06FF39AD-95D4-4A0E-9F6F-C969B2155022}.Release|ARM.ActiveCfg = Release|Any CPU
		{06FF39AD-95D4-4A0E-9F6F-C969B2155022}.Release|ARM.Build.0 = Release|Any CPU
		{06FF39AD-95D4-4A0E-9F6F-C969B2155022}.Release|Mixed Platforms.ActiveCfg = Release|Any CPU
		{06FF39AD-95D4-4A0E-9F6F-C969B2155022}.Release|Mixed Platforms.Build.0 = Release|Any CPU
		{06FF39AD-95D4-4A0E-9F6F-C969B2155022}.Release|Win32.ActiveCfg = Release|Any CPU
		{06FF39AD-95D4-4A0E-9F6F-C969B2155022}.Release|Win32.Build.0 = Release|Any CPU
		{06FF39AD-95D4-4A0E-9F6F-C969B2155022}.Release|x64.ActiveCfg = Release|Any CPU
		{06FF39AD-95D4-4A0E-9F6F-C969B2155022}.Release|x64.Build.0 = Release|Any CPU
		{06FF39AD-95D4-4A0E-9F6F-C969B2155022}.Release|x86.ActiveCfg = Release|Any CPU
		{06FF39AD-95D4-4A0E-9F6F-C969B2155022}.Release|x86.Build.0 = Release|Any CPU
	EndGlobalSection
	GlobalSection(SolutionProperties) = preSolution
		HideSolutionNode = FALSE
	EndGlobalSection
EndGlobal
